{
  "nodes": {
    "ags": {
      "inputs": {
        "nixpkgs": "nixpkgs"
      },
      "locked": {
        "lastModified": 1719984976,
        "narHash": "sha256-TFJah1RW5qnYW7kajjAFPAS5j/0q0R3vz9zPjrRA0Mc=",
        "owner": "gorsbart",
        "repo": "ags",
        "rev": "ab75eaa823d0fd2a20614bbdf33c92af81de0965",
        "type": "github"
      },
      "original": {
        "owner": "gorsbart",
        "repo": "ags",
        "type": "github"
      }
    },
    "anyrun": {
      "inputs": {
        "anyrun-provider": "anyrun-provider",
        "flake-parts": "flake-parts",
        "nixpkgs": "nixpkgs_2",
        "systems": "systems"
      },
      "locked": {
        "lastModified": 1760015533,
        "narHash": "sha256-tNDwO+Rw0sM/QJFlMVqNypVqNLlDOD68nrrFudd4lnw=",
        "owner": "Kirottu",
        "repo": "anyrun",
        "rev": "326eff2153e4b206d5a26ff390f252785e1b00e5",
        "type": "github"
      },
      "original": {
        "owner": "Kirottu",
        "repo": "anyrun",
        "type": "github"
      }
    },
    "anyrun-provider": {
      "inputs": {
        "nixpkgs": [
          "anyrun",
          "nixpkgs"
        ]
      },
      "locked": {
        "lastModified": 1758817837,
        "narHash": "sha256-J3Jl4Z8SJHj+ogyohPeypT5LmQtCupdBteFezwiEZ9E=",
        "owner": "anyrun-org",
        "repo": "anyrun-provider",
        "rev": "b20650aa1bf80ae86b5bf5253d21fc0ddb7985c7",
        "type": "github"
      },
      "original": {
        "owner": "anyrun-org",
        "repo": "anyrun-provider",
        "type": "github"
      }
    },
    "dots-hyprland": {
      "inputs": {
        "home-manager": "home-manager",
        "nixpkgs": [
          "nixpkgs"
        ],
        "quickshell": "quickshell"
      },
      "locked": {
        "lastModified": 1754981277,
        "narHash": "sha256-vzGQfnWh1Ah2DIY9nO2MfUYjfyIfC2344GkMONqLztE=",
        "owner": "celesrenata",
        "repo": "end-4-flakes",
        "rev": "afc548530ab4598746e3dd38e1a0c7f4aa223e0a",
        "type": "github"
      },
      "original": {
        "owner": "celesrenata",
        "repo": "end-4-flakes",
        "type": "github"
      }
    },
    "dots-hyprland-source": {
      "flake": false,
      "locked": {
        "lastModified": 1754984462,
        "narHash": "sha256-aGomsWFQq6zlP9WyJ4UQZ8BsEpvE1wQbLKdsxi3xPqk=",
        "owner": "celesrenata",
        "repo": "dots-hyprland",
        "rev": "617a2e89cb5fd411c5728a792afcf6f51851c1f0",
        "type": "github"
      },
      "original": {
        "owner": "celesrenata",
        "ref": "quickshell-locked",
        "repo": "dots-hyprland",
        "type": "github"
      }
    },
    "dream2nix": {
      "inputs": {
        "nixpkgs": "nixpkgs_3",
        "purescript-overlay": "purescript-overlay",
        "pyproject-nix": "pyproject-nix"
      },
      "locked": {
        "lastModified": 1754978539,
        "narHash": "sha256-nrDovydywSKRbWim9Ynmgj8SBm8LK3DI2WuhIqzOHYI=",
        "owner": "nix-community",
        "repo": "dream2nix",
        "rev": "fbec3263cb4895ac86ee9506cdc4e6919a1a2214",
        "type": "github"
      },
      "original": {
        "owner": "nix-community",
        "repo": "dream2nix",
        "type": "github"
      }
    },
    "flake-compat": {
      "flake": false,
      "locked": {
        "lastModified": 1696426674,
        "narHash": "sha256-kvjfFW7WAETZlt09AgDn1MrtKzP7t90Vf7vypd3OL1U=",
        "owner": "edolstra",
        "repo": "flake-compat",
        "rev": "0f9255e01c2351cc7d116c072cb317785dd33b33",
        "type": "github"
      },
      "original": {
        "owner": "edolstra",
        "repo": "flake-compat",
        "type": "github"
      }
    },
    "flake-parts": {
      "inputs": {
        "nixpkgs-lib": [
          "anyrun",
          "nixpkgs"
        ]
      },
      "locked": {
        "lastModified": 1756770412,
        "narHash": "sha256-+uWLQZccFHwqpGqr2Yt5VsW/PbeJVTn9Dk6SHWhNRPw=",
        "owner": "hercules-ci",
        "repo": "flake-parts",
        "rev": "4524271976b625a4a605beefd893f270620fd751",
        "type": "github"
      },
      "original": {
        "owner": "hercules-ci",
        "repo": "flake-parts",
        "type": "github"
      }
    },
    "flake-utils": {
      "inputs": {
        "systems": "systems_2"
      },
      "locked": {
        "lastModified": 1731533236,
        "narHash": "sha256-l0KFg5HjrsfsO/JpG+r7fRrqm12kzFHyUHqHCVpMMbI=",
        "owner": "numtide",
        "repo": "flake-utils",
        "rev": "11707dc2f618dd54ca8739b309ec4fc024de578b",
        "type": "github"
      },
      "original": {
        "owner": "numtide",
        "repo": "flake-utils",
        "type": "github"
      }
    },
    "flake-utils_2": {
      "inputs": {
        "systems": "systems_3"
      },
      "locked": {
        "lastModified": 1731533236,
        "narHash": "sha256-l0KFg5HjrsfsO/JpG+r7fRrqm12kzFHyUHqHCVpMMbI=",
        "owner": "numtide",
        "repo": "flake-utils",
        "rev": "11707dc2f618dd54ca8739b309ec4fc024de578b",
        "type": "github"
      },
      "original": {
        "owner": "numtide",
        "repo": "flake-utils",
        "type": "github"
      }
    },
    "home-manager": {
      "inputs": {
        "nixpkgs": [
          "dots-hyprland",
          "nixpkgs"
        ]
      },
      "locked": {
        "lastModified": 1754842705,
        "narHash": "sha256-2vvncPLsBWV6dRM5LfGHMGYZ+vzqRDqSPBzxPAS0R/A=",
        "owner": "nix-community",
        "repo": "home-manager",
        "rev": "91586008a23c01cc32894ee187dca8c0a7bd20a4",
        "type": "github"
      },
      "original": {
        "owner": "nix-community",
        "repo": "home-manager",
        "type": "github"
      }
    },
    "home-manager_2": {
      "inputs": {
        "nixpkgs": [
          "nixpkgs"
        ]
      },
      "locked": {
        "lastModified": 1758463745,
        "narHash": "sha256-uhzsV0Q0I9j2y/rfweWeGif5AWe0MGrgZ/3TjpDYdGA=",
        "owner": "nix-community",
        "repo": "home-manager",
        "rev": "3b955f5f0a942f9f60cdc9cacb7844335d0f21c3",
        "type": "github"
      },
      "original": {
        "owner": "nix-community",
        "ref": "release-25.05",
        "repo": "home-manager",
        "type": "github"
      }
    },
    "niri": {
      "inputs": {
        "niri-stable": "niri-stable",
        "niri-unstable": "niri-unstable",
        "nixpkgs": "nixpkgs_4",
        "nixpkgs-stable": "nixpkgs-stable",
        "xwayland-satellite-stable": "xwayland-satellite-stable",
        "xwayland-satellite-unstable": "xwayland-satellite-unstable"
      },
      "locked": {
        "lastModified": 1759909257,
        "narHash": "sha256-ZGEBkK8ZQ370ifJO+1TOQ87m9Gmj52uzqcqysd/lolI=",
        "owner": "sodiboo",
        "repo": "niri-flake",
        "rev": "0d12957ebc8e272e3fc3830549edbb1ad63c34d4",
        "type": "github"
      },
      "original": {
        "owner": "sodiboo",
        "repo": "niri-flake",
        "type": "github"
      }
    },
    "niri-stable": {
      "flake": false,
      "locked": {
        "lastModified": 1756556321,
        "narHash": "sha256-RLD89dfjN0RVO86C/Mot0T7aduCygPGaYbog566F0Qo=",
        "owner": "YaLTeR",
        "repo": "niri",
        "rev": "01be0e65f4eb91a9cd624ac0b76aaeab765c7294",
        "type": "github"
      },
      "original": {
        "owner": "YaLTeR",
        "ref": "v25.08",
        "repo": "niri",
        "type": "github"
      }
    },
    "niri-unstable": {
      "flake": false,
      "locked": {
        "lastModified": 1759395653,
        "narHash": "sha256-sv9J1z6CrTPf9lRJLyCN90fZVdQz7LFeX7pIlInH8BQ=",
        "owner": "YaLTeR",
        "repo": "niri",
        "rev": "ba6e5e082a79901dc89b0d49c5da1b769d652aec",
        "type": "github"
      },
      "original": {
        "owner": "YaLTeR",
        "repo": "niri",
        "type": "github"
      }
    },
    "nix-gl-host": {
      "inputs": {
        "nixpkgs": "nixpkgs_5"
      },
      "locked": {
        "lastModified": 1732211616,
        "narHash": "sha256-QZCKJoypcwgS3tDNSWMjlxEBZtOYPW3eXV24rMzKsac=",
        "owner": "numtide",
        "repo": "nix-gl-host",
        "rev": "5269b233f83880a0b433eafe026f0bc0d8f1a4a9",
        "type": "github"
      },
      "original": {
        "owner": "numtide",
        "repo": "nix-gl-host",
        "type": "github"
      }
    },
    "nix-vscode-extensions": {
      "inputs": {
        "flake-utils": "flake-utils",
        "nixpkgs": "nixpkgs_6"
      },
      "locked": {
        "lastModified": 1759974692,
        "narHash": "sha256-8AN/Ps23Wx6CBEj7s5SKp8pVSA63BHlsAQICYF6Ac6E=",
        "owner": "nix-community",
        "repo": "nix-vscode-extensions",
        "rev": "6c39663c00cb3041d9567cfc103c29b46d0b3c98",
        "type": "github"
      },
      "original": {
        "owner": "nix-community",
        "repo": "nix-vscode-extensions",
        "type": "github"
      }
    },
    "nixgl": {
      "inputs": {
        "flake-utils": "flake-utils_2",
        "nixpkgs": "nixpkgs_7"
      },
      "locked": {
        "lastModified": 1752054764,
        "narHash": "sha256-Ob/HuUhANoDs+nvYqyTKrkcPXf4ZgXoqMTQoCK0RFgQ=",
        "owner": "nix-community",
        "repo": "nixGL",
        "rev": "a8e1ce7d49a149ed70df676785b07f63288f53c5",
        "type": "github"
      },
      "original": {
        "owner": "nix-community",
        "repo": "nixGL",
        "type": "github"
      }
    },
    "nixos-hardware": {
      "locked": {
        "lastModified": 1759582739,
        "narHash": "sha256-spZegilADH0q5OngM86u6NmXxduCNv5eX9vCiUPhOYc=",
        "owner": "NixOS",
        "repo": "nixos-hardware",
        "rev": "3441b5242af7577230a78ffb03542add264179ab",
        "type": "github"
      },
      "original": {
        "owner": "NixOS",
        "ref": "master",
        "repo": "nixos-hardware",
        "type": "github"
      }
    },
    "nixpkgs": {
      "locked": {
        "lastModified": 1718714799,
        "narHash": "sha256-FUZpz9rg3gL8NVPKbqU8ei1VkPLsTIfAJ2fdAf5qjak=",
        "owner": "NixOS",
        "repo": "nixpkgs",
        "rev": "c00d587b1a1afbf200b1d8f0b0e4ba9deb1c7f0e",
        "type": "github"
      },
      "original": {
        "owner": "NixOS",
        "ref": "nixos-unstable",
        "repo": "nixpkgs",
        "type": "github"
      }
    },
    "nixpkgs-old": {
      "locked": {
        "lastModified": 1751274312,
        "narHash": "sha256-/bVBlRpECLVzjV19t5KMdMFWSwKLtb5RyXdjz3LJT+g=",
        "owner": "nixos",
        "repo": "nixpkgs",
        "rev": "50ab793786d9de88ee30ec4e4c24fb4236fc2674",
        "type": "github"
      },
      "original": {
        "owner": "nixos",
        "ref": "nixos-24.11",
        "repo": "nixpkgs",
        "type": "github"
      }
    },
    "nixpkgs-stable": {
      "locked": {
        "lastModified": 1759735786,
        "narHash": "sha256-a0+h02lyP2KwSNrZz4wLJTu9ikujNsTWIC874Bv7IJ0=",
        "owner": "NixOS",
        "repo": "nixpkgs",
        "rev": "20c4598c84a671783f741e02bf05cbfaf4907cff",
        "type": "github"
      },
      "original": {
        "owner": "NixOS",
        "ref": "nixos-25.05",
        "repo": "nixpkgs",
        "type": "github"
      }
    },
    "nixpkgs-unstable": {
      "locked": {
        "lastModified": 1759831965,
        "narHash": "sha256-vgPm2xjOmKdZ0xKA6yLXPJpjOtQPHfaZDRtH+47XEBo=",
        "owner": "nixos",
        "repo": "nixpkgs",
        "rev": "c9b6fb798541223bbb396d287d16f43520250518",
        "type": "github"
      },
      "original": {
        "owner": "nixos",
        "ref": "nixos-unstable",
        "repo": "nixpkgs",
        "type": "github"
      }
    },
    "nixpkgs_10": {
      "locked": {
        "lastModified": 1703068421,
        "narHash": "sha256-WSw5Faqlw75McIflnl5v7qVD/B3S2sLh+968bpOGrWA=",
        "owner": "nixos",
        "repo": "nixpkgs",
        "rev": "d65bceaee0fb1e64363f7871bc43dc1c6ecad99f",
        "type": "github"
      },
      "original": {
        "owner": "nixos",
        "ref": "nixos-23.11",
        "repo": "nixpkgs",
        "type": "github"
      }
    },
    "nixpkgs_2": {
      "locked": {
        "lastModified": 1758690382,
        "narHash": "sha256-NY3kSorgqE5LMm1LqNwGne3ZLMF2/ILgLpFr1fS4X3o=",
        "owner": "NixOS",
        "repo": "nixpkgs",
        "rev": "e643668fd71b949c53f8626614b21ff71a07379d",
        "type": "github"
      },
      "original": {
        "owner": "NixOS",
        "ref": "nixos-unstable",
        "repo": "nixpkgs",
        "type": "github"
      }
    },
    "nixpkgs_3": {
      "locked": {
        "lastModified": 1750215678,
        "narHash": "sha256-Rc/ytpamXRf6z8UA2SGa4aaWxUXRbX2MAWIu2C8M+ok=",
        "owner": "NixOS",
        "repo": "nixpkgs",
        "rev": "5395fb3ab3f97b9b7abca147249fa2e8ed27b192",
        "type": "github"
      },
      "original": {
        "owner": "NixOS",
        "ref": "nixpkgs-unstable",
        "repo": "nixpkgs",
        "type": "github"
      }
    },
    "nixpkgs_4": {
      "locked": {
        "lastModified": 1759831965,
        "narHash": "sha256-vgPm2xjOmKdZ0xKA6yLXPJpjOtQPHfaZDRtH+47XEBo=",
        "owner": "NixOS",
        "repo": "nixpkgs",
        "rev": "c9b6fb798541223bbb396d287d16f43520250518",
        "type": "github"
      },
      "original": {
        "owner": "NixOS",
        "ref": "nixos-unstable",
        "repo": "nixpkgs",
        "type": "github"
      }
    },
    "nixpkgs_5": {
      "locked": {
        "lastModified": 1669045945,
        "narHash": "sha256-BQxzijvZpLQ7R+KuQzCPcFgIS6OK0Onb29pYFe2pzJo=",
        "owner": "NixOS",
        "repo": "nixpkgs",
        "rev": "6b5019a48f876f3288efc626fa8b70ad0c64eb46",
        "type": "github"
      },
      "original": {
        "owner": "NixOS",
        "ref": "nixpkgs-unstable",
        "repo": "nixpkgs",
        "type": "github"
      }
    },
    "nixpkgs_6": {
      "locked": {
        "lastModified": 1759770925,
        "narHash": "sha256-CZwkCtzTNclqlhuwDsVtGoRumTpqCUK0xSnFIMgd8ls=",
        "owner": "nixos",
        "repo": "nixpkgs",
        "rev": "674c2b09c59a220204350ced584cadaacee30038",
        "type": "github"
      },
      "original": {
        "owner": "nixos",
        "repo": "nixpkgs",
        "rev": "674c2b09c59a220204350ced584cadaacee30038",
        "type": "github"
      }
    },
    "nixpkgs_7": {
      "locked": {
        "lastModified": 1746378225,
        "narHash": "sha256-OeRSuL8PUjIfL3Q0fTbNJD/fmv1R+K2JAOqWJd3Oceg=",
        "owner": "nixos",
        "repo": "nixpkgs",
        "rev": "93e8cdce7afc64297cfec447c311470788131cd9",
        "type": "github"
      },
      "original": {
        "owner": "nixos",
        "repo": "nixpkgs",
        "type": "github"
      }
    },
    "nixpkgs_8": {
      "locked": {
        "lastModified": 1759735786,
        "narHash": "sha256-a0+h02lyP2KwSNrZz4wLJTu9ikujNsTWIC874Bv7IJ0=",
        "owner": "nixos",
        "repo": "nixpkgs",
        "rev": "20c4598c84a671783f741e02bf05cbfaf4907cff",
        "type": "github"
      },
      "original": {
        "owner": "nixos",
        "ref": "nixos-25.05",
        "repo": "nixpkgs",
        "type": "github"
      }
    },
    "nixpkgs_9": {
      "locked": {
        "lastModified": 1730785428,
        "narHash": "sha256-Zwl8YgTVJTEum+L+0zVAWvXAGbWAuXHax3KzuejaDyo=",
        "owner": "NixOS",
        "repo": "nixpkgs",
        "rev": "4aa36568d413aca0ea84a1684d2d46f55dbabad7",
        "type": "github"
      },
      "original": {
        "owner": "NixOS",
        "ref": "nixos-unstable",
        "repo": "nixpkgs",
        "type": "github"
      }
    },
    "protontweaks": {
      "inputs": {
        "nixpkgs": "nixpkgs_9"
      },
      "locked": {
        "lastModified": 1736800171,
        "narHash": "sha256-CWPXFNjDrZo5I9/eItU+aWu8uY8U+r9vdKkJ6/tlicM=",
        "owner": "rain-cafe",
        "repo": "protontweaks",
        "rev": "2adf239575a7fb93f1c3dd70dfa1bf13c5b9a378",
        "type": "github"
      },
      "original": {
        "owner": "rain-cafe",
        "ref": "main",
        "repo": "protontweaks",
        "type": "github"
      }
    },
    "purescript-overlay": {
      "inputs": {
        "flake-compat": "flake-compat",
        "nixpkgs": [
          "dream2nix",
          "nixpkgs"
        ],
        "slimlock": "slimlock"
      },
      "locked": {
        "lastModified": 1728546539,
        "narHash": "sha256-Sws7w0tlnjD+Bjck1nv29NjC5DbL6nH5auL9Ex9Iz2A=",
        "owner": "thomashoneyman",
        "repo": "purescript-overlay",
        "rev": "4ad4c15d07bd899d7346b331f377606631eb0ee4",
        "type": "github"
      },
      "original": {
        "owner": "thomashoneyman",
        "repo": "purescript-overlay",
        "type": "github"
      }
    },
    "pyproject-nix": {
      "inputs": {
        "nixpkgs": [
          "dream2nix",
          "nixpkgs"
        ]
      },
      "locked": {
        "lastModified": 1752481895,
        "narHash": "sha256-luVj97hIMpCbwhx3hWiRwjP2YvljWy8FM+4W9njDhLA=",
        "owner": "pyproject-nix",
        "repo": "pyproject.nix",
        "rev": "16ee295c25107a94e59a7fc7f2e5322851781162",
        "type": "github"
      },
      "original": {
        "owner": "pyproject-nix",
        "repo": "pyproject.nix",
        "type": "github"
      }
    },
    "quickshell": {
      "inputs": {
        "nixpkgs": [
          "dots-hyprland",
          "nixpkgs"
        ]
      },
      "locked": {
        "lastModified": 1753595452,
        "narHash": "sha256-vqkSDvh7hWhPvNjMjEDV4KbSCv2jyl2Arh73ZXe274k=",
        "owner": "outfoxxed",
        "repo": "quickshell",
        "rev": "a5431dd02dc23d9ef1680e67777fed00fe5f7cda",
        "type": "github"
      },
      "original": {
        "owner": "outfoxxed",
        "repo": "quickshell",
        "type": "github"
      }
    },
    "root": {
      "inputs": {
        "ags": "ags",
        "anyrun": "anyrun",
        "dots-hyprland": "dots-hyprland",
        "dots-hyprland-source": "dots-hyprland-source",
        "dream2nix": "dream2nix",
        "home-manager": "home-manager_2",
        "niri": "niri",
        "nix-gl-host": "nix-gl-host",
        "nix-vscode-extensions": "nix-vscode-extensions",
        "nixgl": "nixgl",
        "nixos-hardware": "nixos-hardware",
        "nixpkgs": "nixpkgs_8",
        "nixpkgs-old": "nixpkgs-old",
        "nixpkgs-unstable": "nixpkgs-unstable",
        "protontweaks": "protontweaks",
        "sops-nix": "sops-nix",
        "tiny-dfr": "tiny-dfr"
      }
    },
    "slimlock": {
      "inputs": {
        "nixpkgs": [
          "dream2nix",
          "purescript-overlay",
          "nixpkgs"
        ]
      },
      "locked": {
        "lastModified": 1688756706,
        "narHash": "sha256-xzkkMv3neJJJ89zo3o2ojp7nFeaZc2G0fYwNXNJRFlo=",
        "owner": "thomashoneyman",
        "repo": "slimlock",
        "rev": "cf72723f59e2340d24881fd7bf61cb113b4c407c",
        "type": "github"
      },
      "original": {
        "owner": "thomashoneyman",
        "repo": "slimlock",
        "type": "github"
      }
    },
    "sops-nix": {
      "inputs": {
        "nixpkgs": [
          "nixpkgs"
        ]
      },
      "locked": {
        "lastModified": 1759635238,
        "narHash": "sha256-UvzKi02LMFP74csFfwLPAZ0mrE7k6EiYaKecplyX9Qk=",
        "owner": "Mic92",
        "repo": "sops-nix",
        "rev": "6e5a38e08a2c31ae687504196a230ae00ea95133",
        "type": "github"
      },
      "original": {
        "owner": "Mic92",
        "repo": "sops-nix",
        "type": "github"
      }
    },
    "systems": {
      "locked": {
        "lastModified": 1689347949,
        "narHash": "sha256-12tWmuL2zgBgZkdoB6qXZsgJEH9LR3oUgpaQq2RbI80=",
        "owner": "nix-systems",
        "repo": "default-linux",
        "rev": "31732fcf5e8fea42e59c2488ad31a0e651500f68",
        "type": "github"
      },
      "original": {
        "owner": "nix-systems",
        "repo": "default-linux",
        "type": "github"
      }
    },
    "systems_2": {
      "locked": {
        "lastModified": 1681028828,
        "narHash": "sha256-Vy1rq5AaRuLzOxct8nz4T6wlgyUR7zLU309k9mBC768=",
        "owner": "nix-systems",
        "repo": "default",
        "rev": "da67096a3b9bf56a91d16901293e51ba5b49a27e",
        "type": "github"
      },
      "original": {
        "owner": "nix-systems",
        "repo": "default",
        "type": "github"
      }
    },
    "systems_3": {
      "locked": {
        "lastModified": 1681028828,
        "narHash": "sha256-Vy1rq5AaRuLzOxct8nz4T6wlgyUR7zLU309k9mBC768=",
        "owner": "nix-systems",
        "repo": "default",
        "rev": "da67096a3b9bf56a91d16901293e51ba5b49a27e",
        "type": "github"
      },
      "original": {
        "owner": "nix-systems",
        "repo": "default",
        "type": "github"
      }
    },
    "tiny-dfr": {
      "inputs": {
        "nixpkgs": "nixpkgs_10"
      },
      "locked": {
        "lastModified": 1722074897,
        "narHash": "sha256-0nopB2gCa80hwXoEaVuGhPOncLFA/u5XydCSPiCDUlg=",
        "owner": "sharpenedblade",
        "repo": "tiny-dfr",
        "rev": "a022fed1e726c2192c6eb895b402c012fd094405",
        "type": "github"
      },
      "original": {
        "owner": "sharpenedblade",
        "repo": "tiny-dfr",
        "type": "github"
      }
    },
    "xwayland-satellite-stable": {
      "flake": false,
      "locked": {
        "lastModified": 1755491097,
        "narHash": "sha256-m+9tUfsmBeF2Gn4HWa6vSITZ4Gz1eA1F5Kh62B0N4oE=",
        "owner": "Supreeeme",
        "repo": "xwayland-satellite",
        "rev": "388d291e82ffbc73be18169d39470f340707edaa",
        "type": "github"
      },
      "original": {
        "owner": "Supreeeme",
        "ref": "v0.7",
        "repo": "xwayland-satellite",
        "type": "github"
      }
    },
    "xwayland-satellite-unstable": {
      "flake": false,
      "locked": {
        "lastModified": 1759707084,
        "narHash": "sha256-0pkftKs6/LReNvxw7DVTN2AJEheZVgyeK0Aarbagi70=",
        "owner": "Supreeeme",
        "repo": "xwayland-satellite",
        "rev": "a9188e70bd748118b4d56a529871b9de5adb9988",
        "type": "github"
      },
      "original": {
        "owner": "Supreeeme",
        "repo": "xwayland-satellite",
        "type": "github"
      }
    }
  },
  "root": "root",
  "version": 7
}
